
Microsoft Visual Studio Solution File, Format Version 9.00
# Visual Studio 2005
Project("{8BC9CEB8-8B4A-11D0-8D11-00A0C91BC942}") = "bombus-ng", "bombus-ng\bombus-ng.vcproj", "{D9BBD182-7248-4C77-A514-BE171FB7284F}"
EndProject
Project("{8BC9CEB8-8B4A-11D0-8D11-00A0C91BC942}") = "ui", "..\ui\ui.vcproj", "{33135B28-2E20-4442-983A-0CB80093CE42}"
	ProjectSection(ProjectDependencies) = postProject
		{13914220-839D-4620-929B-C9161192CB38} = {13914220-839D-4620-929B-C9161192CB38}
		{21DD21D8-8876-44B7-AB81-FCDD6FB625C7} = {21DD21D8-8876-44B7-AB81-FCDD6FB625C7}
	EndProjectSection
EndProject
Project("{8BC9CEB8-8B4A-11D0-8D11-00A0C91BC942}") = "zlib", "zlib\zlib.vcproj", "{21DD21D8-8876-44B7-AB81-FCDD6FB625C7}"
EndProject
Project("{8BC9CEB8-8B4A-11D0-8D11-00A0C91BC942}") = "regex", "regex\regex.vcproj", "{13914220-839D-4620-929B-C9161192CB38}"
EndProject
Project("{8BC9CEB8-8B4A-11D0-8D11-00A0C91BC942}") = "dnsquery", "dnsquery\dnsquery.vcproj", "{13D2523C-D62A-4581-B737-0876F972030D}"
EndProject
Global
	GlobalSection(SolutionConfigurationPlatforms) = preSolution
		Debug|Mixed Platforms = Debug|Mixed Platforms
		Debug|Pocket PC 2003 (ARMV4) = Debug|Pocket PC 2003 (ARMV4)
		Debug|Win32 = Debug|Win32
		Release|Mixed Platforms = Release|Mixed Platforms
		Release|Pocket PC 2003 (ARMV4) = Release|Pocket PC 2003 (ARMV4)
		Release|Win32 = Release|Win32
	EndGlobalSection
	GlobalSection(ProjectConfigurationPlatforms) = postSolution
		{D9BBD182-7248-4C77-A514-BE171FB7284F}.Debug|Mixed Platforms.ActiveCfg = Debug|Win32
		{D9BBD182-7248-4C77-A514-BE171FB7284F}.Debug|Mixed Platforms.Build.0 = Debug|Win32
		{D9BBD182-7248-4C77-A514-BE171FB7284F}.Debug|Pocket PC 2003 (ARMV4).ActiveCfg = Debug|Win32
		{D9BBD182-7248-4C77-A514-BE171FB7284F}.Debug|Pocket PC 2003 (ARMV4).Build.0 = Debug|Win32
		{D9BBD182-7248-4C77-A514-BE171FB7284F}.Debug|Win32.ActiveCfg = Debug|Win32
		{D9BBD182-7248-4C77-A514-BE171FB7284F}.Debug|Win32.Build.0 = Debug|Win32
		{D9BBD182-7248-4C77-A514-BE171FB7284F}.Release|Mixed Platforms.ActiveCfg = Release|Win32
		{D9BBD182-7248-4C77-A514-BE171FB7284F}.Release|Mixed Platforms.Build.0 = Release|Win32
		{D9BBD182-7248-4C77-A514-BE171FB7284F}.Release|Pocket PC 2003 (ARMV4).ActiveCfg = Release|Win32
		{D9BBD182-7248-4C77-A514-BE171FB7284F}.Release|Win32.ActiveCfg = Release|Win32
		{D9BBD182-7248-4C77-A514-BE171FB7284F}.Release|Win32.Build.0 = Release|Win32
		{33135B28-2E20-4442-983A-0CB80093CE42}.Debug|Mixed Platforms.ActiveCfg = Debug|Pocket PC 2003 (ARMV4)
		{33135B28-2E20-4442-983A-0CB80093CE42}.Debug|Mixed Platforms.Build.0 = Debug|Pocket PC 2003 (ARMV4)
		{33135B28-2E20-4442-983A-0CB80093CE42}.Debug|Mixed Platforms.Deploy.0 = Debug|Pocket PC 2003 (ARMV4)
		{33135B28-2E20-4442-983A-0CB80093CE42}.Debug|Pocket PC 2003 (ARMV4).ActiveCfg = Debug|Pocket PC 2003 (ARMV4)
		{33135B28-2E20-4442-983A-0CB80093CE42}.Debug|Pocket PC 2003 (ARMV4).Build.0 = Debug|Pocket PC 2003 (ARMV4)
		{33135B28-2E20-4442-983A-0CB80093CE42}.Debug|Pocket PC 2003 (ARMV4).Deploy.0 = Debug|Pocket PC 2003 (ARMV4)
		{33135B28-2E20-4442-983A-0CB80093CE42}.Debug|Win32.ActiveCfg = Debug|Pocket PC 2003 (ARMV4)
		{33135B28-2E20-4442-983A-0CB80093CE42}.Release|Mixed Platforms.ActiveCfg = Release|Pocket PC 2003 (ARMV4)
		{33135B28-2E20-4442-983A-0CB80093CE42}.Release|Mixed Platforms.Build.0 = Release|Pocket PC 2003 (ARMV4)
		{33135B28-2E20-4442-983A-0CB80093CE42}.Release|Mixed Platforms.Deploy.0 = Release|Pocket PC 2003 (ARMV4)
		{33135B28-2E20-4442-983A-0CB80093CE42}.Release|Pocket PC 2003 (ARMV4).ActiveCfg = Release|Pocket PC 2003 (ARMV4)
		{33135B28-2E20-4442-983A-0CB80093CE42}.Release|Pocket PC 2003 (ARMV4).Build.0 = Release|Pocket PC 2003 (ARMV4)
		{33135B28-2E20-4442-983A-0CB80093CE42}.Release|Pocket PC 2003 (ARMV4).Deploy.0 = Release|Pocket PC 2003 (ARMV4)
		{33135B28-2E20-4442-983A-0CB80093CE42}.Release|Win32.ActiveCfg = Release|Pocket PC 2003 (ARMV4)
		{21DD21D8-8876-44B7-AB81-FCDD6FB625C7}.Debug|Mixed Platforms.ActiveCfg = Debug|Pocket PC 2003 (ARMV4)
		{21DD21D8-8876-44B7-AB81-FCDD6FB625C7}.Debug|Mixed Platforms.Build.0 = Debug|Pocket PC 2003 (ARMV4)
		{21DD21D8-8876-44B7-AB81-FCDD6FB625C7}.Debug|Mixed Platforms.Deploy.0 = Debug|Pocket PC 2003 (ARMV4)
		{21DD21D8-8876-44B7-AB81-FCDD6FB625C7}.Debug|Pocket PC 2003 (ARMV4).ActiveCfg = Debug|Pocket PC 2003 (ARMV4)
		{21DD21D8-8876-44B7-AB81-FCDD6FB625C7}.Debug|Pocket PC 2003 (ARMV4).Build.0 = Debug|Pocket PC 2003 (ARMV4)
		{21DD21D8-8876-44B7-AB81-FCDD6FB625C7}.Debug|Pocket PC 2003 (ARMV4).Deploy.0 = Debug|Pocket PC 2003 (ARMV4)
		{21DD21D8-8876-44B7-AB81-FCDD6FB625C7}.Debug|Win32.ActiveCfg = Debug|Pocket PC 2003 (ARMV4)
		{21DD21D8-8876-44B7-AB81-FCDD6FB625C7}.Release|Mixed Platforms.ActiveCfg = Release|Pocket PC 2003 (ARMV4)
		{21DD21D8-8876-44B7-AB81-FCDD6FB625C7}.Release|Mixed Platforms.Build.0 = Release|Pocket PC 2003 (ARMV4)
		{21DD21D8-8876-44B7-AB81-FCDD6FB625C7}.Release|Mixed Platforms.Deploy.0 = Release|Pocket PC 2003 (ARMV4)
		{21DD21D8-8876-44B7-AB81-FCDD6FB625C7}.Release|Pocket PC 2003 (ARMV4).ActiveCfg = Release|Pocket PC 2003 (ARMV4)
		{21DD21D8-8876-44B7-AB81-FCDD6FB625C7}.Release|Pocket PC 2003 (ARMV4).Build.0 = Release|Pocket PC 2003 (ARMV4)
		{21DD21D8-8876-44B7-AB81-FCDD6FB625C7}.Release|Pocket PC 2003 (ARMV4).Deploy.0 = Release|Pocket PC 2003 (ARMV4)
		{21DD21D8-8876-44B7-AB81-FCDD6FB625C7}.Release|Win32.ActiveCfg = Release|Pocket PC 2003 (ARMV4)
		{13914220-839D-4620-929B-C9161192CB38}.Debug|Mixed Platforms.ActiveCfg = Debug|Pocket PC 2003 (ARMV4)
		{13914220-839D-4620-929B-C9161192CB38}.Debug|Mixed Platforms.Build.0 = Debug|Pocket PC 2003 (ARMV4)
		{13914220-839D-4620-929B-C9161192CB38}.Debug|Mixed Platforms.Deploy.0 = Debug|Pocket PC 2003 (ARMV4)
		{13914220-839D-4620-929B-C9161192CB38}.Debug|Pocket PC 2003 (ARMV4).ActiveCfg = Debug|Pocket PC 2003 (ARMV4)
		{13914220-839D-4620-929B-C9161192CB38}.Debug|Pocket PC 2003 (ARMV4).Build.0 = Debug|Pocket PC 2003 (ARMV4)
		{13914220-839D-4620-929B-C9161192CB38}.Debug|Pocket PC 2003 (ARMV4).Deploy.0 = Debug|Pocket PC 2003 (ARMV4)
		{13914220-839D-4620-929B-C9161192CB38}.Debug|Win32.ActiveCfg = Debug|Pocket PC 2003 (ARMV4)
		{13914220-839D-4620-929B-C9161192CB38}.Release|Mixed Platforms.ActiveCfg = Release|Pocket PC 2003 (ARMV4)
		{13914220-839D-4620-929B-C9161192CB38}.Release|Mixed Platforms.Build.0 = Release|Pocket PC 2003 (ARMV4)
		{13914220-839D-4620-929B-C9161192CB38}.Release|Mixed Platforms.Deploy.0 = Release|Pocket PC 2003 (ARMV4)
		{13914220-839D-4620-929B-C9161192CB38}.Release|Pocket PC 2003 (ARMV4).ActiveCfg = Release|Pocket PC 2003 (ARMV4)
		{13914220-839D-4620-929B-C9161192CB38}.Release|Pocket PC 2003 (ARMV4).Build.0 = Release|Pocket PC 2003 (ARMV4)
		{13914220-839D-4620-929B-C9161192CB38}.Release|Pocket PC 2003 (ARMV4).Deploy.0 = Release|Pocket PC 2003 (ARMV4)
		{13914220-839D-4620-929B-C9161192CB38}.Release|Win32.ActiveCfg = Release|Pocket PC 2003 (ARMV4)
		{13D2523C-D62A-4581-B737-0876F972030D}.Debug|Mixed Platforms.ActiveCfg = Debug|Win32
		{13D2523C-D62A-4581-B737-0876F972030D}.Debug|Mixed Platforms.Build.0 = Debug|Win32
		{13D2523C-D62A-4581-B737-0876F972030D}.Debug|Pocket PC 2003 (ARMV4).ActiveCfg = Debug|Win32
		{13D2523C-D62A-4581-B737-0876F972030D}.Debug|Win32.ActiveCfg = Debug|Win32
		{13D2523C-D62A-4581-B737-0876F972030D}.Debug|Win32.Build.0 = Debug|Win32
		{13D2523C-D62A-4581-B737-0876F972030D}.Release|Mixed Platforms.ActiveCfg = Release|Win32
		{13D2523C-D62A-4581-B737-0876F972030D}.Release|Mixed Platforms.Build.0 = Release|Win32
		{13D2523C-D62A-4581-B737-0876F972030D}.Release|Pocket PC 2003 (ARMV4).ActiveCfg = Release|Win32
		{13D2523C-D62A-4581-B737-0876F972030D}.Release|Win32.ActiveCfg = Release|Win32
		{13D2523C-D62A-4581-B737-0876F972030D}.Release|Win32.Build.0 = Release|Win32
	EndGlobalSection
	GlobalSection(SolutionProperties) = preSolution
		HideSolutionNode = FALSE
	EndGlobalSection
EndGlobal
